
Microsoft Visual Studio Solution File, Format Version 12.00
# Visual Studio Version 16
VisualStudioVersion = 16.0.32228.343
MinimumVisualStudioVersion = 10.0.40219.1
Project("{FAE04EC0-301F-11D3-BF4B-00C04F79EFBC}") = "FolderLogger", "FolderLogger\FolderLogger.csproj", "{D51CAC06-FB3C-4F55-843B-473A24B53157}"
EndProject
Global
	GlobalSection(SolutionConfigurationPlatforms) = preSolution
		Debug|Any CPU = Debug|Any CPU
		Release|Any CPU = Release|Any CPU
	EndGlobalSection
	GlobalSection(ProjectConfigurationPlatforms) = postSolution
		{D51CAC06-FB3C-4F55-843B-473A24B53157}.Debug|Any CPU.ActiveCfg = Debug|Any CPU
		{D51CAC06-FB3C-4F55-843B-473A24B53157}.Debug|Any CPU.Build.0 = Debug|Any CPU
		{D51CAC06-FB3C-4F55-843B-473A24B53157}.Release|Any CPU.ActiveCfg = Release|Any CPU
		{D51CAC06-FB3C-4F55-843B-473A24B53157}.Release|Any CPU.Build.0 = Release|Any CPU
	EndGlobalSection
	GlobalSection(SolutionProperties) = preSolution
		HideSolutionNode = FALSE
	EndGlobalSection
	GlobalSection(ExtensibilityGlobals) = postSolution
		SolutionGuid = {27C08EC4-C6AB-42D9-A708-854329056D7C}
	EndGlobalSection
EndGlobal
